// !$*UTF8*$!
{
	archiveVersion = 1;
	classes = {
	};
	objectVersion = 46;
	objects = {

/* Begin PBXBuildFile section */
		552B06C81AF14F5F008C5066 /* Trip.m in Sources */ = {isa = PBXBuildFile; fileRef = 552B06C71AF14F5F008C5066 /* Trip.m */; };
		555B3DB91AE6E697004A013A /* main.m in Sources */ = {isa = PBXBuildFile; fileRef = 555B3DB81AE6E697004A013A /* main.m */; };
		555B3DBC1AE6E697004A013A /* AppDelegate.m in Sources */ = {isa = PBXBuildFile; fileRef = 555B3DBB1AE6E697004A013A /* AppDelegate.m */; };
		555B3DBF1AE6E697004A013A /* ViewController.m in Sources */ = {isa = PBXBuildFile; fileRef = 555B3DBE1AE6E697004A013A /* ViewController.m */; };
		555B3DC21AE6E697004A013A /* Main.storyboard in Resources */ = {isa = PBXBuildFile; fileRef = 555B3DC01AE6E697004A013A /* Main.storyboard */; };
		555B3DC41AE6E697004A013A /* Images.xcassets in Resources */ = {isa = PBXBuildFile; fileRef = 555B3DC31AE6E697004A013A /* Images.xcassets */; };
		555B3DC71AE6E697004A013A /* LaunchScreen.xib in Resources */ = {isa = PBXBuildFile; fileRef = 555B3DC51AE6E697004A013A /* LaunchScreen.xib */; };
		555B3DD31AE6E698004A013A /* SchengenVisaCalcTests.m in Sources */ = {isa = PBXBuildFile; fileRef = 555B3DD21AE6E698004A013A /* SchengenVisaCalcTests.m */; };
		55B235F21AE78ECB00E2D274 /* mainVisaCalc.m in Sources */ = {isa = PBXBuildFile; fileRef = 55B235F11AE78ECB00E2D274 /* mainVisaCalc.m */; };
/* End PBXBuildFile section */

/* Begin PBXContainerItemProxy section */
		555B3DCD1AE6E697004A013A /* PBXContainerItemProxy */ = {
			isa = PBXContainerItemProxy;
			containerPortal = 555B3DAB1AE6E697004A013A /* Project object */;
			proxyType = 1;
			remoteGlobalIDString = 555B3DB21AE6E697004A013A;
			remoteInfo = SchengenVisaCalc;
		};
/* End PBXContainerItemProxy section */

/* Begin PBXFileReference section */
		552B06C61AF14F5F008C5066 /* Trip.h */ = {isa = PBXFileReference; fileEncoding = 4; lastKnownFileType = sourcecode.c.h; path = Trip.h; sourceTree = "<group>"; };
		552B06C71AF14F5F008C5066 /* Trip.m */ = {isa = PBXFileReference; fileEncoding = 4; lastKnownFileType = sourcecode.c.objc; path = Trip.m; sourceTree = "<group>"; };
		555B3DB31AE6E697004A013A /* SchengenVisaCalc.app */ = {isa = PBXFileReference; explicitFileType = wrapper.application; includeInIndex = 0; path = SchengenVisaCalc.app; sourceTree = BUILT_PRODUCTS_DIR; };
		555B3DB71AE6E697004A013A /* Info.plist */ = {isa = PBXFileReference; lastKnownFileType = text.plist.xml; path = Info.plist; sourceTree = "<group>"; };
		555B3DB81AE6E697004A013A /* main.m */ = {isa = PBXFileReference; lastKnownFileType = sourcecode.c.objc; path = main.m; sourceTree = "<group>"; };
		555B3DBA1AE6E697004A013A /* AppDelegate.h */ = {isa = PBXFileReference; lastKnownFileType = sourcecode.c.h; path = AppDelegate.h; sourceTree = "<group>"; };
		555B3DBB1AE6E697004A013A /* AppDelegate.m */ = {isa = PBXFileReference; lastKnownFileType = sourcecode.c.objc; path = AppDelegate.m; sourceTree = "<group>"; };
		555B3DBD1AE6E697004A013A /* ViewController.h */ = {isa = PBXFileReference; lastKnownFileType = sourcecode.c.h; path = ViewController.h; sourceTree = "<group>"; };
		555B3DBE1AE6E697004A013A /* ViewController.m */ = {isa = PBXFileReference; lastKnownFileType = sourcecode.c.objc; path = ViewController.m; sourceTree = "<group>"; };
		555B3DC11AE6E697004A013A /* Base */ = {isa = PBXFileReference; lastKnownFileType = file.storyboard; name = Base; path = Base.lproj/Main.storyboard; sourceTree = "<group>"; };
		555B3DC31AE6E697004A013A /* Images.xcassets */ = {isa = PBXFileReference; lastKnownFileType = folder.assetcatalog; path = Images.xcassets; sourceTree = "<group>"; };
		555B3DC61AE6E697004A013A /* Base */ = {isa = PBXFileReference; lastKnownFileType = file.xib; name = Base; path = Base.lproj/LaunchScreen.xib; sourceTree = "<group>"; };
		555B3DCC1AE6E697004A013A /* SchengenVisaCalcTests.xctest */ = {isa = PBXFileReference; explicitFileType = wrapper.cfbundle; includeInIndex = 0; path = SchengenVisaCalcTests.xctest; sourceTree = BUILT_PRODUCTS_DIR; };
		555B3DD11AE6E697004A013A /* Info.plist */ = {isa = PBXFileReference; lastKnownFileType = text.plist.xml; path = Info.plist; sourceTree = "<group>"; };
		555B3DD21AE6E698004A013A /* SchengenVisaCalcTests.m */ = {isa = PBXFileReference; lastKnownFileType = sourcecode.c.objc; path = SchengenVisaCalcTests.m; sourceTree = "<group>"; };
		55B235F01AE78ECB00E2D274 /* mainVisaCalc.h */ = {isa = PBXFileReference; fileEncoding = 4; lastKnownFileType = sourcecode.c.h; path = mainVisaCalc.h; sourceTree = "<group>"; };
		55B235F11AE78ECB00E2D274 /* mainVisaCalc.m */ = {isa = PBXFileReference; fileEncoding = 4; lastKnownFileType = sourcecode.c.objc; lineEnding = 0; path = mainVisaCalc.m; sourceTree = "<group>"; };
/* End PBXFileReference section */

/* Begin PBXFrameworksBuildPhase section */
		555B3DB01AE6E697004A013A /* Frameworks */ = {
			isa = PBXFrameworksBuildPhase;
			buildActionMask = 2147483647;
			files = (
			);
			runOnlyForDeploymentPostprocessing = 0;
		};
		555B3DC91AE6E697004A013A /* Frameworks */ = {
			isa = PBXFrameworksBuildPhase;
			buildActionMask = 2147483647;
			files = (
			);
			runOnlyForDeploymentPostprocessing = 0;
		};
/* End PBXFrameworksBuildPhase section */

/* Begin PBXGroup section */
		5525DE9F1AF7F6FB008EDAE5 /* Model */ = {
			isa = PBXGroup;
			children = (
				55B235F01AE78ECB00E2D274 /* mainVisaCalc.h */,
				55B235F11AE78ECB00E2D274 /* mainVisaCalc.m */,
				552B06C61AF14F5F008C5066 /* Trip.h */,
				552B06C71AF14F5F008C5066 /* Trip.m */,
			);
			name = Model;
			sourceTree = "<group>";
		};
		555B3DAA1AE6E697004A013A = {
			isa = PBXGroup;
			children = (
				555B3DB51AE6E697004A013A /* SchengenVisaCalc */,
				555B3DCF1AE6E697004A013A /* SchengenVisaCalcTests */,
				555B3DB41AE6E697004A013A /* Products */,
			);
			sourceTree = "<group>";
		};
		555B3DB41AE6E697004A013A /* Products */ = {
			isa = PBXGroup;
			children = (
				555B3DB31AE6E697004A013A /* SchengenVisaCalc.app */,
				555B3DCC1AE6E697004A013A /* SchengenVisaCalcTests.xctest */,
			);
			name = Products;
			sourceTree = "<group>";
		};
		555B3DB51AE6E697004A013A /* SchengenVisaCalc */ = {
			isa = PBXGroup;
			children = (
				555B3DBA1AE6E697004A013A /* AppDelegate.h */,
				555B3DBB1AE6E697004A013A /* AppDelegate.m */,
				555B3DBD1AE6E697004A013A /* ViewController.h */,
				555B3DBE1AE6E697004A013A /* ViewController.m */,
				555B3DC01AE6E697004A013A /* Main.storyboard */,
				555B3DC31AE6E697004A013A /* Images.xcassets */,
				555B3DC51AE6E697004A013A /* LaunchScreen.xib */,
				555B3DB61AE6E697004A013A /* Supporting Files */,
				5525DE9F1AF7F6FB008EDAE5 /* Model */,
			);
			path = SchengenVisaCalc;
			sourceTree = "<group>";
		};
		555B3DB61AE6E697004A013A /* Supporting Files */ = {
			isa = PBXGroup;
			children = (
				555B3DB71AE6E697004A013A /* Info.plist */,
				555B3DB81AE6E697004A013A /* main.m */,
			);
			name = "Supporting Files";
			sourceTree = "<group>";
		};
		555B3DCF1AE6E697004A013A /* SchengenVisaCalcTests */ = {
			isa = PBXGroup;
			children = (
				555B3DD21AE6E698004A013A /* SchengenVisaCalcTests.m */,
				555B3DD01AE6E697004A013A /* Supporting Files */,
			);
			path = SchengenVisaCalcTests;
			sourceTree = "<group>";
		};
		555B3DD01AE6E697004A013A /* Supporting Files */ = {
			isa = PBXGroup;
			children = (
				555B3DD11AE6E697004A013A /* Info.plist */,
			);
			name = "Supporting Files";
			sourceTree = "<group>";
		};
/* End PBXGroup section */

/* Begin PBXNativeTarget section */
		555B3DB21AE6E697004A013A /* SchengenVisaCalc */ = {
			isa = PBXNativeTarget;
			buildConfigurationList = 555B3DD61AE6E698004A013A /* Build configuration list for PBXNativeTarget "SchengenVisaCalc" */;
			buildPhases = (
				555B3DAF1AE6E697004A013A /* Sources */,
				555B3DB01AE6E697004A013A /* Frameworks */,
				555B3DB11AE6E697004A013A /* Resources */,
			);
			buildRules = (
			);
			dependencies = (
			);
			name = SchengenVisaCalc;
			productName = SchengenVisaCalc;
			productReference = 555B3DB31AE6E697004A013A /* SchengenVisaCalc.app */;
			productType = "com.apple.product-type.application";
		};
		555B3DCB1AE6E697004A013A /* SchengenVisaCalcTests */ = {
			isa = PBXNativeTarget;
			buildConfigurationList = 555B3DD91AE6E698004A013A /* Build configuration list for PBXNativeTarget "SchengenVisaCalcTests" */;
			buildPhases = (
				555B3DC81AE6E697004A013A /* Sources */,
				555B3DC91AE6E697004A013A /* Frameworks */,
				555B3DCA1AE6E697004A013A /* Resources */,
			);
			buildRules = (
			);
			dependencies = (
				555B3DCE1AE6E697004A013A /* PBXTargetDependency */,
			);
			name = SchengenVisaCalcTests;
			productName = SchengenVisaCalcTests;
			productReference = 555B3DCC1AE6E697004A013A /* SchengenVisaCalcTests.xctest */;
			productType = "com.apple.product-type.bundle.unit-test";
		};
/* End PBXNativeTarget section */

/* Begin PBXProject section */
		555B3DAB1AE6E697004A013A /* Project object */ = {
			isa = PBXProject;
			attributes = {
				LastUpgradeCheck = 0610;
				ORGANIZATIONNAME = "Andrey Mamchenko";
				TargetAttributes = {
					555B3DB21AE6E697004A013A = {
						CreatedOnToolsVersion = 6.1.1;
					};
					555B3DCB1AE6E697004A013A = {
						CreatedOnToolsVersion = 6.1.1;
						TestTargetID = 555B3DB21AE6E697004A013A;
					};
				};
			};
			buildConfigurationList = 555B3DAE1AE6E697004A013A /* Build configuration list for PBXProject "SchengenVisaCalc" */;
			compatibilityVersion = "Xcode 3.2";
			developmentRegion = English;
			hasScannedForEncodings = 0;
			knownRegions = (
				en,
				Base,
			);
			mainGroup = 555B3DAA1AE6E697004A013A;
			productRefGroup = 555B3DB41AE6E697004A013A /* Products */;
			projectDirPath = "";
			projectRoot = "";
			targets = (
				555B3DB21AE6E697004A013A /* SchengenVisaCalc */,
				555B3DCB1AE6E697004A013A /* SchengenVisaCalcTests */,
			);
		};
/* End PBXProject section */

/* Begin PBXResourcesBuildPhase section */
		555B3DB11AE6E697004A013A /* Resources */ = {
			isa = PBXResourcesBuildPhase;
			buildActionMask = 2147483647;
			files = (
				555B3DC21AE6E697004A013A /* Main.storyboard in Resources */,
				555B3DC71AE6E697004A013A /* LaunchScreen.xib in Resources */,
				555B3DC41AE6E697004A013A /* Images.xcassets in Resources */,
			);
			runOnlyForDeploymentPostprocessing = 0;
		};
		555B3DCA1AE6E697004A013A /* Resources */ = {
			isa = PBXResourcesBuildPhase;
			buildActionMask = 2147483647;
			files = (
			);
			runOnlyForDeploymentPostprocessing = 0;
		};
/* End PBXResourcesBuildPhase section */

/* Begin PBXSourcesBuildPhase section */
		555B3DAF1AE6E697004A013A /* Sources */ = {
			isa = PBXSourcesBuildPhase;
			buildActionMask = 2147483647;
			files = (
				552B06C81AF14F5F008C5066 /* Trip.m in Sources */,
				55B235F21AE78ECB00E2D274 /* mainVisaCalc.m in Sources */,
				555B3DBF1AE6E697004A013A /* ViewController.m in Sources */,
				555B3DBC1AE6E697004A013A /* AppDelegate.m in Sources */,
				555B3DB91AE6E697004A013A /* main.m in Sources */,
			);
			runOnlyForDeploymentPostprocessing = 0;
		};
		555B3DC81AE6E697004A013A /* Sources */ = {
			isa = PBXSourcesBuildPhase;
			buildActionMask = 2147483647;
			files = (
				555B3DD31AE6E698004A013A /* SchengenVisaCalcTests.m in Sources */,
			);
			runOnlyForDeploymentPostprocessing = 0;
		};
/* End PBXSourcesBuildPhase section */

/* Begin PBXTargetDependency section */
		555B3DCE1AE6E697004A013A /* PBXTargetDependency */ = {
			isa = PBXTargetDependency;
			target = 555B3DB21AE6E697004A013A /* SchengenVisaCalc */;
			targetProxy = 555B3DCD1AE6E697004A013A /* PBXContainerItemProxy */;
		};
/* End PBXTargetDependency section */

/* Begin PBXVariantGroup section */
		555B3DC01AE6E697004A013A /* Main.storyboard */ = {
			isa = PBXVariantGroup;
			children = (
				555B3DC11AE6E697004A013A /* Base */,
			);
			name = Main.storyboard;
			sourceTree = "<group>";
		};
		555B3DC51AE6E697004A013A /* LaunchScreen.xib */ = {
			isa = PBXVariantGroup;
			children = (
				555B3DC61AE6E697004A013A /* Base */,
			);
			name = LaunchScreen.xib;
			sourceTree = "<group>";
		};
/* End PBXVariantGroup section */

/* Begin XCBuildConfiguration section */
		555B3DD41AE6E698004A013A /* Debug */ = {
			isa = XCBuildConfiguration;
			buildSettings = {
				ALWAYS_SEARCH_USER_PATHS = NO;
				CLANG_CXX_LANGUAGE_STANDARD = "gnu++0x";
				CLANG_CXX_LIBRARY = "libc++";
				CLANG_ENABLE_MODULES = YES;
				CLANG_ENABLE_OBJC_ARC = YES;
				CLANG_WARN_BOOL_CONVERSION = YES;
				CLANG_WARN_CONSTANT_CONVERSION = YES;
				CLANG_WARN_DIRECT_OBJC_ISA_USAGE = YES_ERROR;
				CLANG_WARN_EMPTY_BODY = YES;
				CLANG_WARN_ENUM_CONVERSION = YES;
				CLANG_WARN_INT_CONVERSION = YES;
				CLANG_WARN_OBJC_ROOT_CLASS = YES_ERROR;
				CLANG_WARN_UNREACHABLE_CODE = YES;
				CLANG_WARN__DUPLICATE_METHOD_MATCH = YES;
				"CODE_SIGN_IDENTITY[sdk=iphoneos*]" = "iPhone Developer";
				COPY_PHASE_STRIP = NO;
				ENABLE_STRICT_OBJC_MSGSEND = YES;
				GCC_C_LANGUAGE_STANDARD = gnu99;
				GCC_DYNAMIC_NO_PIC = NO;
				GCC_OPTIMIZATION_LEVEL = 0;
				GCC_PREPROCESSOR_DEFINITIONS = (
					"DEBUG=1",
					"$(inherited)",
				);
				GCC_SYMBOLS_PRIVATE_EXTERN = NO;
				GCC_WARN_64_TO_32_BIT_CONVERSION = YES;
				GCC_WARN_ABOUT_RETURN_TYPE = YES_ERROR;
				GCC_WARN_UNDECLARED_SELECTOR = YES;
				GCC_WARN_UNINITIALIZED_AUTOS = YES_AGGRESSIVE;
				GCC_WARN_UNUSED_FUNCTION = YES;
				GCC_WARN_UNUSED_VARIABLE = YES;
				IPHONEOS_DEPLOYMENT_TARGET = 8.1;
				MTL_ENABLE_DEBUG_INFO = YES;
				ONLY_ACTIVE_ARCH = YES;
				SDKROOT = iphoneos;
			};
			name = Debug;
		};
		555B3DD51AE6E698004A013A /* Release */ = {
			isa = XCBuildConfiguration;
			buildSettings = {
				ALWAYS_SEARCH_USER_PATHS = NO;
				CLANG_CXX_LANGUAGE_STANDARD = "gnu++0x";
				CLANG_CXX_LIBRARY = "libc++";
				CLANG_ENABLE_MODULES = YES;
				CLANG_ENABLE_OBJC_ARC = YES;
				CLANG_WARN_BOOL_CONVERSION = YES;
				CLANG_WARN_CONSTANT_CONVERSION = YES;
				CLANG_WARN_DIRECT_OBJC_ISA_USAGE = YES_ERROR;
				CLANG_WARN_EMPTY_BODY = YES;
				CLANG_WARN_ENUM_CONVERSION = YES;
				CLANG_WARN_INT_CONVERSION = YES;
				CLANG_WARN_OBJC_ROOT_CLASS = YES_ERROR;
				CLANG_WARN_UNREACHABLE_CODE = YES;
				CLANG_WARN__DUPLICATE_METHOD_MATCH = YES;
				"CODE_SIGN_IDENTITY[sdk=iphoneos*]" = "iPhone Developer";
				COPY_PHASE_STRIP = YES;
				ENABLE_NS_ASSERTIONS = NO;
				ENABLE_STRICT_OBJC_MSGSEND = YES;
				GCC_C_LANGUAGE_STANDARD = gnu99;
				GCC_WARN_64_TO_32_BIT_CONVERSION = YES;
				GCC_WARN_ABOUT_RETURN_TYPE = YES_ERROR;
				GCC_WARN_UNDECLARED_SELECTOR = YES;
				GCC_WARN_UNINITIALIZED_AUTOS = YES_AGGRESSIVE;
				GCC_WARN_UNUSED_FUNCTION = YES;
				GCC_WARN_UNUSED_VARIABLE = YES;
				IPHONEOS_DEPLOYMENT_TARGET = 8.1;
				MTL_ENABLE_DEBUG_INFO = NO;
				SDKROOT = iphoneos;
				VALIDATE_PRODUCT = YES;
			};
			name = Release;
		};
		555B3DD71AE6E698004A013A /* Debug */ = {
			isa = XCBuildConfiguration;
			buildSettings = {
				ASSETCATALOG_COMPILER_APPICON_NAME = AppIcon;
				INFOPLIST_FILE = SchengenVisaCalc/Info.plist;
				LD_RUNPATH_SEARCH_PATHS = "$(inherited) @executable_path/Frameworks";
				PRODUCT_NAME = "$(TARGET_NAME)";
			};
			name = Debug;
		};
		555B3DD81AE6E698004A013A /* Release */ = {
			isa = XCBuildConfiguration;
			buildSettings = {
				ASSETCATALOG_COMPILER_APPICON_NAME = AppIcon;
				INFOPLIST_FILE = SchengenVisaCalc/Info.plist;
				LD_RUNPATH_SEARCH_PATHS = "$(inherited) @executable_path/Frameworks";
				PRODUCT_NAME = "$(TARGET_NAME)";
			};
			name = Release;
		};
		555B3DDA1AE6E698004A013A /* Debug */ = {
			isa = XCBuildConfiguration;
			buildSettings = {
				BUNDLE_LOADER = "$(TEST_HOST)";
				FRAMEWORK_SEARCH_PATHS = (
					"$(SDKROOT)/Developer/Library/Frameworks",
					"$(inherited)",
				);
				GCC_PREPROCESSOR_DEFINITIONS = (
					"DEBUG=1",
					"$(inherited)",
				);
				INFOPLIST_FILE = SchengenVisaCalcTests/Info.plist;
				LD_RUNPATH_SEARCH_PATHS = "$(inherited) @executable_path/Frameworks @loader_path/Frameworks";
				PRODUCT_NAME = "$(TARGET_NAME)";
				TEST_HOST = "$(BUILT_PRODUCTS_DIR)/SchengenVisaCalc.app/SchengenVisaCalc";
			};
			name = Debug;
		};
		555B3DDB1AE6E698004A013A /* Release */ = {
			isa = XCBuildConfiguration;
			buildSettings = {
				BUNDLE_LOADER = "$(TEST_HOST)";
				FRAMEWORK_SEARCH_PATHS = (
					"$(SDKROOT)/Developer/Library/Frameworks",
					"$(inherited)",
				);
				INFOPLIST_FILE = SchengenVisaCalcTests/Info.plist;
				LD_RUNPATH_SEARCH_PATHS = "$(inherited) @executable_path/Frameworks @loader_path/Frameworks";
				PRODUCT_NAME = "$(TARGET_NAME)";
				TEST_HOST = "$(BUILT_PRODUCTS_DIR)/SchengenVisaCalc.app/SchengenVisaCalc";
			};
			name = Release;
		};
/* End XCBuildConfiguration section */

/* Begin XCConfigurationList section */
		555B3DAE1AE6E697004A013A /* Build configuration list for PBXProject "SchengenVisaCalc" */ = {
			isa = XCConfigurationList;
			buildConfigurations = (
				555B3DD41AE6E698004A013A /* Debug */,
				555B3DD51AE6E698004A013A /* Release */,
			);
			defaultConfigurationIsVisible = 0;
			defaultConfigurationName = Release;
		};
		555B3DD61AE6E698004A013A /* Build configuration list for PBXNativeTarget "SchengenVisaCalc" */ = {
			isa = XCConfigurationList;
			buildConfigurations = (
				555B3DD71AE6E698004A013A /* Debug */,
				555B3DD81AE6E698004A013A /* Release */,
			);
			defaultConfigurationIsVisible = 0;
			defaultConfigurationName = Release;
		};
		555B3DD91AE6E698004A013A /* Build configuration list for PBXNativeTarget "SchengenVisaCalcTests" */ = {
			isa = XCConfigurationList;
			buildConfigurations = (
				555B3DDA1AE6E698004A013A /* Debug */,
				555B3DDB1AE6E698004A013A /* Release */,
			);
			defaultConfigurationIsVisible = 0;
			defaultConfigurationName = Release;
		};
/* End XCConfigurationList section */
	};
	rootObject = 555B3DAB1AE6E697004A013A /* Project object */;
}
